PODS:
  - Bolts/Tasks (1.8.4)
  - Kingfisher (3.5.2)
  - MBProgressHUD (1.0.0)
  - Parse (1.14.2):
    - Bolts/Tasks (~> 1.8)

DEPENDENCIES:
  - Kingfisher
  - MBProgressHUD
  - Parse

SPEC CHECKSUMS:
  Bolts: 8a7995239dbe724f9cba2248b766d48b7ebdd322
  Kingfisher: 9950e382c500b6834ce004c7c4131c444e90c3a1
  MBProgressHUD: 4890f671c94e8a0f3cf959aa731e9de2f036d71a
  Parse: 4335d65f40cb3d43190d723144bbe1afb9c38230

PODFILE CHECKSUM: 2ee79eb3d7f67dc0eaba27585d9f5c701e3af3a6

COCOAPODS: 1.1.1
